
Microsoft Visual Studio Solution File, Format Version 12.00
# Visual Studio 15
VisualStudioVersion = 15.0.27703.2000
MinimumVisualStudioVersion = 10.0.40219.1
Project("{FAE04EC0-301F-11D3-BF4B-00C04F79EFBC}") = "EbaySdkLib.Tests", "UnitTestProject1\EbaySdkLib.Tests.csproj", "{20BD0D08-5C59-4BC9-A970-CDA5F577DA1A}"
EndProject
Project("{FAE04EC0-301F-11D3-BF4B-00C04F79EFBC}") = "EbaySdkLib", "EbaySdkLib\EbaySdkLib.csproj", "{76D94166-6612-447F-8033-F1C500A9D868}"
EndProject
Global
	GlobalSection(SolutionConfigurationPlatforms) = preSolution
		Debug|Any CPU = Debug|Any CPU
		Release|Any CPU = Release|Any CPU
	EndGlobalSection
	GlobalSection(ProjectConfigurationPlatforms) = postSolution
		{20BD0D08-5C59-4BC9-A970-CDA5F577DA1A}.Debug|Any CPU.ActiveCfg = Debug|Any CPU
		{20BD0D08-5C59-4BC9-A970-CDA5F577DA1A}.Debug|Any CPU.Build.0 = Debug|Any CPU
		{20BD0D08-5C59-4BC9-A970-CDA5F577DA1A}.Release|Any CPU.ActiveCfg = Release|Any CPU
		{20BD0D08-5C59-4BC9-A970-CDA5F577DA1A}.Release|Any CPU.Build.0 = Release|Any CPU
		{76D94166-6612-447F-8033-F1C500A9D868}.Debug|Any CPU.ActiveCfg = Debug|Any CPU
		{76D94166-6612-447F-8033-F1C500A9D868}.Debug|Any CPU.Build.0 = Debug|Any CPU
		{76D94166-6612-447F-8033-F1C500A9D868}.Release|Any CPU.ActiveCfg = Release|Any CPU
		{76D94166-6612-447F-8033-F1C500A9D868}.Release|Any CPU.Build.0 = Release|Any CPU
	EndGlobalSection
	GlobalSection(SolutionProperties) = preSolution
		HideSolutionNode = FALSE
	EndGlobalSection
	GlobalSection(ExtensibilityGlobals) = postSolution
		SolutionGuid = {1139F854-DA01-400E-9863-CF0ADFF9665C}
	EndGlobalSection
EndGlobal
